<?xml version="1.0" encoding="utf-8"?>
<Project ToolsVersion="4.0" xmlns="http://schemas.microsoft.com/developer/msbuild/2003">
  <ItemGroup>
    <Filter Include="Source Files">
      <UniqueIdentifier>{4FC737F1-C7A5-4376-A066-2A32D752A2FF}</UniqueIdentifier>
      <Extensions>cpp;cxx;c;def</Extensions>
    </Filter>
    <Filter Include="Header Files">
      <UniqueIdentifier>{93995380-89BD-4b04-88EB-625FBE52EBFB}</UniqueIdentifier>
      <Extensions>h</Extensions>
    </Filter>
    <Filter Include="Form Files">
      <UniqueIdentifier>{99349809-55BA-4b9d-BF79-8FDBB0286EB3}</UniqueIdentifier>
      <Extensions>ui</Extensions>
    </Filter>
    <Filter Include="Resource Files">
      <UniqueIdentifier>{D9D6E242-F8AF-46E4-B9FD-80ECBC20BA3E}</UniqueIdentifier>
      <Extensions>qrc;*</Extensions>
      <ParseFiles>false</ParseFiles>
    </Filter>
    <Filter Include="Generated Files">
      <UniqueIdentifier>{71ED8ED8-ACB9-4CE9-BBE1-E00B30144E11}</UniqueIdentifier>
      <Extensions>moc;h;cpp</Extensions>
      <SourceControlFiles>False</SourceControlFiles>
    </Filter>
    <Filter Include="Generated Files\Release">
      <UniqueIdentifier>{a9850d1f-9e73-4e06-a641-c45a503c960a}</UniqueIdentifier>
      <Extensions>cpp;moc</Extensions>
      <SourceControlFiles>False</SourceControlFiles>
    </Filter>
    <Filter Include="Generated Files\Debug">
      <UniqueIdentifier>{86fd91f3-91fc-4425-bbfb-3f12e97f1daa}</UniqueIdentifier>
      <Extensions>cpp;moc</Extensions>
      <SourceControlFiles>False</SourceControlFiles>
    </Filter>
    <Filter Include="propertyview">
      <UniqueIdentifier>{a9ca0c6c-77c1-4370-804f-928aef04f356}</UniqueIdentifier>
    </Filter>
    <Filter Include="propertyview\Form Files">
      <UniqueIdentifier>{3bde662d-5686-46a3-9cf4-d0fc78a84a12}</UniqueIdentifier>
    </Filter>
  </ItemGroup>
  <ItemGroup>
    <ClCompile Include="..\..\..\..\src\rws\AboutBox.cpp">
      <Filter>Source Files</Filter>
    </ClCompile>
    <ClCompile Include="..\..\..\..\src\rws\ArcBallController.cpp">
      <Filter>Source Files</Filter>
    </ClCompile>
    <ClCompile Include="..\..\..\..\src\rws\CameraController.cpp">
      <Filter>Source Files</Filter>
    </ClCompile>
    <ClCompile Include="..\..\..\..\src\rws\HelpAssistant.cpp">
      <Filter>Source Files</Filter>
    </ClCompile>
    <ClCompile Include="..\..\..\..\src\rws\ImageUtil.cpp">
      <Filter>Source Files</Filter>
    </ClCompile>
    <ClCompile Include="..\..\..\..\src\rws\ImageView.cpp">
      <Filter>Source Files</Filter>
    </ClCompile>
    <ClCompile Include="..\..\..\..\src\rws\RobWorkStudio.cpp">
      <Filter>Source Files</Filter>
    </ClCompile>
    <ClCompile Include="..\..\..\..\src\rws\RobWorkStudioPlugin.cpp">
      <Filter>Source Files</Filter>
    </ClCompile>
    <ClCompile Include="..\..\..\..\src\rws\RWSImageLoaderPlugin.cpp">
      <Filter>Source Files</Filter>
    </ClCompile>
    <ClCompile Include="..\..\..\..\src\rws\RWStudioView3D.cpp">
      <Filter>Source Files</Filter>
    </ClCompile>
    <ClCompile Include="..\..\..\..\src\rws\SceneOpenGLViewer.cpp">
      <Filter>Source Files</Filter>
    </ClCompile>
    <ClCompile Include="..\..\..\..\src\rws\SceneViewerWidget.cpp">
      <Filter>Source Files</Filter>
    </ClCompile>
    <ClCompile Include="GeneratedFiles\Release\moc_AboutBox.cpp">
      <Filter>Generated Files\Release</Filter>
    </ClCompile>
    <ClCompile Include="GeneratedFiles\Release\moc_ImageView.cpp">
      <Filter>Generated Files\Release</Filter>
    </ClCompile>
    <ClCompile Include="GeneratedFiles\Release\moc_PropertyViewDialog.cpp">
      <Filter>Generated Files\Release</Filter>
    </ClCompile>
    <ClCompile Include="GeneratedFiles\Release\moc_PropertyViewEditor.cpp">
      <Filter>Generated Files\Release</Filter>
    </ClCompile>
    <ClCompile Include="GeneratedFiles\Release\moc_RobWorkStudio.cpp">
      <Filter>Generated Files\Release</Filter>
    </ClCompile>
    <ClCompile Include="GeneratedFiles\Release\moc_RobWorkStudioPlugin.cpp">
      <Filter>Generated Files\Release</Filter>
    </ClCompile>
    <ClCompile Include="GeneratedFiles\Release\moc_RWStudioView3D.cpp">
      <Filter>Generated Files\Release</Filter>
    </ClCompile>
    <ClCompile Include="GeneratedFiles\Release\moc_SceneOpenGLViewer.cpp">
      <Filter>Generated Files\Release</Filter>
    </ClCompile>
    <ClCompile Include="GeneratedFiles\Release\moc_VariantManager.cpp">
      <Filter>Generated Files\Release</Filter>
    </ClCompile>
    <ClCompile Include="GeneratedFiles\Debug\moc_AboutBox.cpp">
      <Filter>Generated Files\Debug</Filter>
    </ClCompile>
    <ClCompile Include="GeneratedFiles\Debug\moc_ImageView.cpp">
      <Filter>Generated Files\Debug</Filter>
    </ClCompile>
    <ClCompile Include="GeneratedFiles\Debug\moc_PropertyViewDialog.cpp">
      <Filter>Generated Files\Debug</Filter>
    </ClCompile>
    <ClCompile Include="GeneratedFiles\Debug\moc_PropertyViewEditor.cpp">
      <Filter>Generated Files\Debug</Filter>
    </ClCompile>
    <ClCompile Include="GeneratedFiles\Debug\moc_RobWorkStudio.cpp">
      <Filter>Generated Files\Debug</Filter>
    </ClCompile>
    <ClCompile Include="GeneratedFiles\Debug\moc_RobWorkStudioPlugin.cpp">
      <Filter>Generated Files\Debug</Filter>
    </ClCompile>
    <ClCompile Include="GeneratedFiles\Debug\moc_RWStudioView3D.cpp">
      <Filter>Generated Files\Debug</Filter>
    </ClCompile>
    <ClCompile Include="GeneratedFiles\Debug\moc_SceneOpenGLViewer.cpp">
      <Filter>Generated Files\Debug</Filter>
    </ClCompile>
    <ClCompile Include="GeneratedFiles\Debug\moc_VariantManager.cpp">
      <Filter>Generated Files\Debug</Filter>
    </ClCompile>
    <ClCompile Include="..\..\..\..\src\rws\propertyview\PropertyViewDialog.cpp">
      <Filter>propertyview</Filter>
    </ClCompile>
    <ClCompile Include="..\..\..\..\src\rws\propertyview\PropertyViewEditor.cpp">
      <Filter>propertyview</Filter>
    </ClCompile>
    <ClCompile Include="..\..\..\..\src\rws\propertyview\VariantManager.cpp">
      <Filter>propertyview</Filter>
    </ClCompile>
  </ItemGroup>
  <ItemGroup>
    <ClInclude Include="..\..\..\..\src\rws\ArcBallController.hpp">
      <Filter>Header Files</Filter>
    </ClInclude>
    <ClInclude Include="..\..\..\..\src\rws\CameraController.hpp">
      <Filter>Header Files</Filter>
    </ClInclude>
    <ClInclude Include="..\..\..\..\src\rws\HelpAssistant.hpp">
      <Filter>Header Files</Filter>
    </ClInclude>
    <ClInclude Include="..\..\..\..\src\rws\ImageUtil.hpp">
      <Filter>Header Files</Filter>
    </ClInclude>
    <ClInclude Include="..\..\..\..\src\rws\RWSImageLoaderPlugin.hpp">
      <Filter>Header Files</Filter>
    </ClInclude>
    <ClInclude Include="..\..\..\..\src\rws\SceneViewerWidget.hpp">
      <Filter>Header Files</Filter>
    </ClInclude>
    <ClInclude Include="GeneratedFiles\ui_AboutBox.h">
      <Filter>Generated Files</Filter>
    </ClInclude>
    <ClInclude Include="GeneratedFiles\ui_PropertyViewDialog.h">
      <Filter>Generated Files</Filter>
    </ClInclude>
    <ClInclude Include="GeneratedFiles\ui_PropertyViewEditor.h">
      <Filter>Generated Files</Filter>
    </ClInclude>
  </ItemGroup>
  <ItemGroup>
    <CustomBuild Include="..\..\..\..\src\rws\AboutBox.hpp">
      <Filter>Header Files</Filter>
    </CustomBuild>
    <CustomBuild Include="..\..\..\..\src\rws\ImageView.hpp">
      <Filter>Header Files</Filter>
    </CustomBuild>
    <CustomBuild Include="..\..\..\..\src\rws\RobWorkStudio.hpp">
      <Filter>Header Files</Filter>
    </CustomBuild>
    <CustomBuild Include="..\..\..\..\src\rws\RobWorkStudioPlugin.hpp">
      <Filter>Header Files</Filter>
    </CustomBuild>
    <CustomBuild Include="..\..\..\..\src\rws\RWStudioView3D.hpp">
      <Filter>Header Files</Filter>
    </CustomBuild>
    <CustomBuild Include="..\..\..\..\src\rws\SceneOpenGLViewer.hpp">
      <Filter>Header Files</Filter>
    </CustomBuild>
    <CustomBuild Include="..\..\..\..\src\rws\propertyview\PropertyViewDialog.hpp">
      <Filter>propertyview</Filter>
    </CustomBuild>
    <CustomBuild Include="..\..\..\..\src\rws\propertyview\PropertyViewEditor.hpp">
      <Filter>propertyview</Filter>
    </CustomBuild>
    <CustomBuild Include="..\..\..\..\src\rws\propertyview\VariantManager.hpp">
      <Filter>propertyview</Filter>
    </CustomBuild>
    <CustomBuild Include="..\..\..\..\src\rws\AboutBox.ui">
      <Filter>Form Files</Filter>
    </CustomBuild>
    <CustomBuild Include="..\..\..\..\src\rws\propertyview\PropertyViewDialog.ui">
      <Filter>propertyview\Form Files</Filter>
    </CustomBuild>
    <CustomBuild Include="..\..\..\..\src\rws\propertyview\PropertyViewEditor.ui">
      <Filter>propertyview\Form Files</Filter>
    </CustomBuild>
  </ItemGroup>
</Project>