
Microsoft Visual Studio Solution File, Format Version 9.00
# Visual Studio 2005
Project("{8BC9CEB8-8B4A-11D0-8D11-00A0C91BC942}") = "RobWorkStudio", "RobWorkStudio\RobWorkStudio.vcproj", "{376C38E9-CDFB-4877-A904-76B8F7127B4B}"
	ProjectSection(WebsiteProperties) = preProject
		Debug.AspNetCompiler.Debug = "True"
		Release.AspNetCompiler.Debug = "False"
	EndProjectSection
	ProjectSection(ProjectDependencies) = postProject
		{67743714-D431-4E5B-AAA5-ABCA3D423685} = {67743714-D431-4E5B-AAA5-ABCA3D423685}
		{864868C7-C038-4E67-ADA6-C55DFFFF20F1} = {864868C7-C038-4E67-ADA6-C55DFFFF20F1}
		{4ADDB41B-B82A-4460-AFC6-CAD0FE0BED9B} = {4ADDB41B-B82A-4460-AFC6-CAD0FE0BED9B}
		{60A1B129-E4BA-425F-8F44-6577C883D6D1} = {60A1B129-E4BA-425F-8F44-6577C883D6D1}
		{742D9F61-ACC4-4B83-AAE5-D9E1943CE33B} = {742D9F61-ACC4-4B83-AAE5-D9E1943CE33B}
		{A7B1E9A4-89E1-4406-BF83-290976666D37} = {A7B1E9A4-89E1-4406-BF83-290976666D37}
		{377C91AA-2B3B-46C9-A8FC-27B40235820B} = {377C91AA-2B3B-46C9-A8FC-27B40235820B}
		{61B482DE-A554-44A7-A2C9-EBD6E29C4085} = {61B482DE-A554-44A7-A2C9-EBD6E29C4085}
		{48B89A65-457A-4D99-A979-890EFE6902AE} = {48B89A65-457A-4D99-A979-890EFE6902AE}
	EndProjectSection
EndProject
Project("{8BC9CEB8-8B4A-11D0-8D11-00A0C91BC942}") = "QtTreePropertyBrowser", "..\..\..\ext\qtpropertybrowser\projects\VisualStudio2005\QtTreePropertyBrowser\QtTreePropertyBrowser\QtTreePropertyBrowser.vcproj", "{61B482DE-A554-44A7-A2C9-EBD6E29C4085}"
	ProjectSection(WebsiteProperties) = preProject
		Debug.AspNetCompiler.Debug = "True"
		Release.AspNetCompiler.Debug = "False"
	EndProjectSection
EndProject
Project("{8BC9CEB8-8B4A-11D0-8D11-00A0C91BC942}") = "rws", "rws\rws.vcproj", "{67743714-D431-4E5B-AAA5-ABCA3D423685}"
	ProjectSection(WebsiteProperties) = preProject
		Debug.AspNetCompiler.Debug = "True"
		Release.AspNetCompiler.Debug = "False"
	EndProjectSection
	ProjectSection(ProjectDependencies) = postProject
		{61B482DE-A554-44A7-A2C9-EBD6E29C4085} = {61B482DE-A554-44A7-A2C9-EBD6E29C4085}
	EndProjectSection
EndProject
Project("{8BC9CEB8-8B4A-11D0-8D11-00A0C91BC942}") = "rws_treeview", "rws_treeview\rws_treeview.vcproj", "{377C91AA-2B3B-46C9-A8FC-27B40235820B}"
	ProjectSection(WebsiteProperties) = preProject
		Debug.AspNetCompiler.Debug = "True"
		Release.AspNetCompiler.Debug = "False"
	EndProjectSection
EndProject
Project("{8BC9CEB8-8B4A-11D0-8D11-00A0C91BC942}") = "rws_jog", "rws_jog\rws_jog.vcproj", "{4ADDB41B-B82A-4460-AFC6-CAD0FE0BED9B}"
	ProjectSection(WebsiteProperties) = preProject
		Debug.AspNetCompiler.Debug = "True"
		Release.AspNetCompiler.Debug = "False"
	EndProjectSection
EndProject
Project("{8BC9CEB8-8B4A-11D0-8D11-00A0C91BC942}") = "rws_log", "rws_log\rws_log.vcproj", "{A7B1E9A4-89E1-4406-BF83-290976666D37}"
	ProjectSection(WebsiteProperties) = preProject
		Debug.AspNetCompiler.Debug = "True"
		Release.AspNetCompiler.Debug = "False"
	EndProjectSection
EndProject
Project("{8BC9CEB8-8B4A-11D0-8D11-00A0C91BC942}") = "rws_sensors", "rws_sensors\rws_sensors.vcproj", "{60A1B129-E4BA-425F-8F44-6577C883D6D1}"
	ProjectSection(WebsiteProperties) = preProject
		Debug.AspNetCompiler.Debug = "True"
		Release.AspNetCompiler.Debug = "False"
	EndProjectSection
EndProject
Project("{8BC9CEB8-8B4A-11D0-8D11-00A0C91BC942}") = "rws_planning", "rws_planning\rws_planning.vcproj", "{742D9F61-ACC4-4B83-AAE5-D9E1943CE33B}"
	ProjectSection(WebsiteProperties) = preProject
		Debug.AspNetCompiler.Debug = "True"
		Release.AspNetCompiler.Debug = "False"
	EndProjectSection
EndProject
Project("{8BC9CEB8-8B4A-11D0-8D11-00A0C91BC942}") = "rws_propertyview", "rws_propertyview\rws_propertyview.vcproj", "{48B89A65-457A-4D99-A979-890EFE6902AE}"
	ProjectSection(WebsiteProperties) = preProject
		Debug.AspNetCompiler.Debug = "True"
		Release.AspNetCompiler.Debug = "False"
	EndProjectSection
EndProject
Project("{8BC9CEB8-8B4A-11D0-8D11-00A0C91BC942}") = "rws_playback", "rws_playback\rws_playback.vcproj", "{864868C7-C038-4E67-ADA6-C55DFFFF20F1}"
	ProjectSection(WebsiteProperties) = preProject
		Debug.AspNetCompiler.Debug = "True"
		Release.AspNetCompiler.Debug = "False"
	EndProjectSection
EndProject
Global
	GlobalSection(SolutionConfigurationPlatforms) = preSolution
		Debug|Win32 = Debug|Win32
		Release No LTCG|Win32 = Release No LTCG|Win32
		Release|Win32 = Release|Win32
	EndGlobalSection
	GlobalSection(ProjectConfigurationPlatforms) = postSolution
		{376C38E9-CDFB-4877-A904-76B8F7127B4B}.Debug|Win32.ActiveCfg = Debug|Win32
		{376C38E9-CDFB-4877-A904-76B8F7127B4B}.Debug|Win32.Build.0 = Debug|Win32
		{376C38E9-CDFB-4877-A904-76B8F7127B4B}.Release No LTCG|Win32.ActiveCfg = Release No LTCG|Win32
		{376C38E9-CDFB-4877-A904-76B8F7127B4B}.Release No LTCG|Win32.Build.0 = Release No LTCG|Win32
		{376C38E9-CDFB-4877-A904-76B8F7127B4B}.Release|Win32.ActiveCfg = Release|Win32
		{376C38E9-CDFB-4877-A904-76B8F7127B4B}.Release|Win32.Build.0 = Release|Win32
		{61B482DE-A554-44A7-A2C9-EBD6E29C4085}.Debug|Win32.ActiveCfg = Debug|Win32
		{61B482DE-A554-44A7-A2C9-EBD6E29C4085}.Debug|Win32.Build.0 = Debug|Win32
		{61B482DE-A554-44A7-A2C9-EBD6E29C4085}.Release No LTCG|Win32.ActiveCfg = Release No LTCG|Win32
		{61B482DE-A554-44A7-A2C9-EBD6E29C4085}.Release No LTCG|Win32.Build.0 = Release No LTCG|Win32
		{61B482DE-A554-44A7-A2C9-EBD6E29C4085}.Release|Win32.ActiveCfg = Release|Win32
		{61B482DE-A554-44A7-A2C9-EBD6E29C4085}.Release|Win32.Build.0 = Release|Win32
		{67743714-D431-4E5B-AAA5-ABCA3D423685}.Debug|Win32.ActiveCfg = Debug|Win32
		{67743714-D431-4E5B-AAA5-ABCA3D423685}.Debug|Win32.Build.0 = Debug|Win32
		{67743714-D431-4E5B-AAA5-ABCA3D423685}.Release No LTCG|Win32.ActiveCfg = Release|Win32
		{67743714-D431-4E5B-AAA5-ABCA3D423685}.Release No LTCG|Win32.Build.0 = Release|Win32
		{67743714-D431-4E5B-AAA5-ABCA3D423685}.Release|Win32.ActiveCfg = Release|Win32
		{67743714-D431-4E5B-AAA5-ABCA3D423685}.Release|Win32.Build.0 = Release|Win32
		{377C91AA-2B3B-46C9-A8FC-27B40235820B}.Debug|Win32.ActiveCfg = Debug|Win32
		{377C91AA-2B3B-46C9-A8FC-27B40235820B}.Debug|Win32.Build.0 = Debug|Win32
		{377C91AA-2B3B-46C9-A8FC-27B40235820B}.Release No LTCG|Win32.ActiveCfg = Release|Win32
		{377C91AA-2B3B-46C9-A8FC-27B40235820B}.Release No LTCG|Win32.Build.0 = Release|Win32
		{377C91AA-2B3B-46C9-A8FC-27B40235820B}.Release|Win32.ActiveCfg = Release|Win32
		{377C91AA-2B3B-46C9-A8FC-27B40235820B}.Release|Win32.Build.0 = Release|Win32
		{4ADDB41B-B82A-4460-AFC6-CAD0FE0BED9B}.Debug|Win32.ActiveCfg = Debug|Win32
		{4ADDB41B-B82A-4460-AFC6-CAD0FE0BED9B}.Debug|Win32.Build.0 = Debug|Win32
		{4ADDB41B-B82A-4460-AFC6-CAD0FE0BED9B}.Release No LTCG|Win32.ActiveCfg = Release|Win32
		{4ADDB41B-B82A-4460-AFC6-CAD0FE0BED9B}.Release No LTCG|Win32.Build.0 = Release|Win32
		{4ADDB41B-B82A-4460-AFC6-CAD0FE0BED9B}.Release|Win32.ActiveCfg = Release|Win32
		{4ADDB41B-B82A-4460-AFC6-CAD0FE0BED9B}.Release|Win32.Build.0 = Release|Win32
		{A7B1E9A4-89E1-4406-BF83-290976666D37}.Debug|Win32.ActiveCfg = Debug|Win32
		{A7B1E9A4-89E1-4406-BF83-290976666D37}.Debug|Win32.Build.0 = Debug|Win32
		{A7B1E9A4-89E1-4406-BF83-290976666D37}.Release No LTCG|Win32.ActiveCfg = Release|Win32
		{A7B1E9A4-89E1-4406-BF83-290976666D37}.Release No LTCG|Win32.Build.0 = Release|Win32
		{A7B1E9A4-89E1-4406-BF83-290976666D37}.Release|Win32.ActiveCfg = Release|Win32
		{A7B1E9A4-89E1-4406-BF83-290976666D37}.Release|Win32.Build.0 = Release|Win32
		{60A1B129-E4BA-425F-8F44-6577C883D6D1}.Debug|Win32.ActiveCfg = Debug|Win32
		{60A1B129-E4BA-425F-8F44-6577C883D6D1}.Debug|Win32.Build.0 = Debug|Win32
		{60A1B129-E4BA-425F-8F44-6577C883D6D1}.Release No LTCG|Win32.ActiveCfg = Release|Win32
		{60A1B129-E4BA-425F-8F44-6577C883D6D1}.Release No LTCG|Win32.Build.0 = Release|Win32
		{60A1B129-E4BA-425F-8F44-6577C883D6D1}.Release|Win32.ActiveCfg = Release|Win32
		{60A1B129-E4BA-425F-8F44-6577C883D6D1}.Release|Win32.Build.0 = Release|Win32
		{742D9F61-ACC4-4B83-AAE5-D9E1943CE33B}.Debug|Win32.ActiveCfg = Debug|Win32
		{742D9F61-ACC4-4B83-AAE5-D9E1943CE33B}.Debug|Win32.Build.0 = Debug|Win32
		{742D9F61-ACC4-4B83-AAE5-D9E1943CE33B}.Release No LTCG|Win32.ActiveCfg = Release|Win32
		{742D9F61-ACC4-4B83-AAE5-D9E1943CE33B}.Release No LTCG|Win32.Build.0 = Release|Win32
		{742D9F61-ACC4-4B83-AAE5-D9E1943CE33B}.Release|Win32.ActiveCfg = Release|Win32
		{742D9F61-ACC4-4B83-AAE5-D9E1943CE33B}.Release|Win32.Build.0 = Release|Win32
		{48B89A65-457A-4D99-A979-890EFE6902AE}.Debug|Win32.ActiveCfg = Debug|Win32
		{48B89A65-457A-4D99-A979-890EFE6902AE}.Debug|Win32.Build.0 = Debug|Win32
		{48B89A65-457A-4D99-A979-890EFE6902AE}.Release No LTCG|Win32.ActiveCfg = Release|Win32
		{48B89A65-457A-4D99-A979-890EFE6902AE}.Release No LTCG|Win32.Build.0 = Release|Win32
		{48B89A65-457A-4D99-A979-890EFE6902AE}.Release|Win32.ActiveCfg = Release|Win32
		{48B89A65-457A-4D99-A979-890EFE6902AE}.Release|Win32.Build.0 = Release|Win32
		{864868C7-C038-4E67-ADA6-C55DFFFF20F1}.Debug|Win32.ActiveCfg = Debug|Win32
		{864868C7-C038-4E67-ADA6-C55DFFFF20F1}.Debug|Win32.Build.0 = Debug|Win32
		{864868C7-C038-4E67-ADA6-C55DFFFF20F1}.Release No LTCG|Win32.ActiveCfg = Release|Win32
		{864868C7-C038-4E67-ADA6-C55DFFFF20F1}.Release No LTCG|Win32.Build.0 = Release|Win32
		{864868C7-C038-4E67-ADA6-C55DFFFF20F1}.Release|Win32.ActiveCfg = Release|Win32
		{864868C7-C038-4E67-ADA6-C55DFFFF20F1}.Release|Win32.Build.0 = Release|Win32
	EndGlobalSection
	GlobalSection(SolutionProperties) = preSolution
		HideSolutionNode = FALSE
	EndGlobalSection
	GlobalSection(ExtensibilityGlobals) = postSolution
		QtVersion = $(DefaultQtVersion)
	EndGlobalSection
	GlobalSection(Qt) = preSolution
		Integration = True
	EndGlobalSection
	GlobalSection(Qt) = preSolution
		Integration = True
	EndGlobalSection
EndGlobal
