
Microsoft Visual Studio Solution File, Format Version 9.00
# Visual Studio 2005
Project("{8BC9CEB8-8B4A-11D0-8D11-00A0C91BC942}") = "RobWorkStudio", "RobWorkStudio\RobWorkStudio.vcproj", "{376C38E9-CDFB-4877-A904-76B8F7127B4B}"
	ProjectSection(ProjectDependencies) = postProject
		{C293A7AB-95F6-495D-9C92-67FDBB978A51} = {C293A7AB-95F6-495D-9C92-67FDBB978A51}
		{119E5643-41A0-42C0-B663-536AA1C151B2} = {119E5643-41A0-42C0-B663-536AA1C151B2}
		{853D0C7B-4937-4916-A1DC-1A1631DD0261} = {853D0C7B-4937-4916-A1DC-1A1631DD0261}
		{9A88D49A-D65E-4B1F-92A5-57A4E0280CFB} = {9A88D49A-D65E-4B1F-92A5-57A4E0280CFB}
		{572AEE80-04A9-413C-83E0-5E4AA69430BF} = {572AEE80-04A9-413C-83E0-5E4AA69430BF}
		{9C656944-E067-45E5-8830-0486C1922290} = {9C656944-E067-45E5-8830-0486C1922290}
		{0AA71909-BFE5-4A5C-BC30-88B63794EF32} = {0AA71909-BFE5-4A5C-BC30-88B63794EF32}
		{7626F501-49CD-419B-B421-E88007980994} = {7626F501-49CD-419B-B421-E88007980994}
		{61B482DE-A554-44A7-A2C9-EBD6E29C4085} = {61B482DE-A554-44A7-A2C9-EBD6E29C4085}
		{70FCE4CD-289F-4BA6-972B-5DD9F9174D47} = {70FCE4CD-289F-4BA6-972B-5DD9F9174D47}
		{CFF5C0CC-CC06-4AF0-9118-A4DF15C46108} = {CFF5C0CC-CC06-4AF0-9118-A4DF15C46108}
		{39FB8748-618E-4BD7-8E42-549537AD2B4B} = {39FB8748-618E-4BD7-8E42-549537AD2B4B}
		{8D63372C-A736-466F-89C5-D2CB06560820} = {8D63372C-A736-466F-89C5-D2CB06560820}
		{2EC16934-3CE8-41EE-AD09-8364EBAB3372} = {2EC16934-3CE8-41EE-AD09-8364EBAB3372}
		{A691DACA-96E7-44E7-947A-326CC87A040B} = {A691DACA-96E7-44E7-947A-326CC87A040B}
		{471980C7-9535-408D-A77C-16909D2F5F14} = {471980C7-9535-408D-A77C-16909D2F5F14}
		{8019787A-4F85-4157-9EFA-6846C41C41A2} = {8019787A-4F85-4157-9EFA-6846C41C41A2}
		{52A4D050-5888-451F-A062-72A902C1B9B3} = {52A4D050-5888-451F-A062-72A902C1B9B3}
	EndProjectSection
	ProjectSection(WebsiteProperties) = preProject
		Debug.AspNetCompiler.Debug = "True"
		Release.AspNetCompiler.Debug = "False"
	EndProjectSection
EndProject
Project("{8BC9CEB8-8B4A-11D0-8D11-00A0C91BC942}") = "yaobi", "..\..\..\..\RobWork\ext\yaobi\VS_2005\yaobi\yaobi.vcproj", "{572AEE80-04A9-413C-83E0-5E4AA69430BF}"
	ProjectSection(WebsiteProperties) = preProject
		Debug.AspNetCompiler.Debug = "True"
		Release.AspNetCompiler.Debug = "False"
	EndProjectSection
EndProject
Project("{8BC9CEB8-8B4A-11D0-8D11-00A0C91BC942}") = "rw", "..\..\..\..\RobWork\projects\VisualStudio2005\RobWork\rw\rw.vcproj", "{CFF5C0CC-CC06-4AF0-9118-A4DF15C46108}"
	ProjectSection(WebsiteProperties) = preProject
		Debug.AspNetCompiler.Debug = "True"
		Release.AspNetCompiler.Debug = "False"
	EndProjectSection
EndProject
Project("{8BC9CEB8-8B4A-11D0-8D11-00A0C91BC942}") = "rw_opengl", "..\..\..\..\RobWork\projects\VisualStudio2005\RobWork\rw_drawable\rw_drawable.vcproj", "{7626F501-49CD-419B-B421-E88007980994}"
	ProjectSection(WebsiteProperties) = preProject
		Debug.AspNetCompiler.Debug = "True"
		Release.AspNetCompiler.Debug = "False"
	EndProjectSection
EndProject
Project("{8BC9CEB8-8B4A-11D0-8D11-00A0C91BC942}") = "rw_proximitystrategies", "..\..\..\..\RobWork\projects\VisualStudio2005\RobWork\rw_proximitystrategies\rw_proximitystrategies.vcproj", "{471980C7-9535-408D-A77C-16909D2F5F14}"
	ProjectSection(WebsiteProperties) = preProject
		Debug.AspNetCompiler.Debug = "True"
		Release.AspNetCompiler.Debug = "False"
	EndProjectSection
EndProject
Project("{8BC9CEB8-8B4A-11D0-8D11-00A0C91BC942}") = "rwstudio", "rwstudio\rwstudio.vcproj", "{70FCE4CD-289F-4BA6-972B-5DD9F9174D47}"
	ProjectSection(ProjectDependencies) = postProject
		{52A4D050-5888-451F-A062-72A902C1B9B3} = {52A4D050-5888-451F-A062-72A902C1B9B3}
		{C293A7AB-95F6-495D-9C92-67FDBB978A51} = {C293A7AB-95F6-495D-9C92-67FDBB978A51}
	EndProjectSection
	ProjectSection(WebsiteProperties) = preProject
		Debug.AspNetCompiler.Debug = "True"
		Release.AspNetCompiler.Debug = "False"
	EndProjectSection
EndProject
Project("{8BC9CEB8-8B4A-11D0-8D11-00A0C91BC942}") = "rw_pathplanners", "..\..\..\..\RobWork\projects\VisualStudio2005\RobWork\rw_pathplanners\rw_pathplanners.vcproj", "{853D0C7B-4937-4916-A1DC-1A1631DD0261}"
	ProjectSection(WebsiteProperties) = preProject
		Debug.AspNetCompiler.Debug = "True"
		Release.AspNetCompiler.Debug = "False"
	EndProjectSection
EndProject
Project("{8BC9CEB8-8B4A-11D0-8D11-00A0C91BC942}") = "rw_pathoptimization", "..\..\..\..\RobWork\projects\VisualStudio2005\RobWork\rw_pathoptimization\rw_pathoptimization.vcproj", "{119E5643-41A0-42C0-B663-536AA1C151B2}"
	ProjectSection(WebsiteProperties) = preProject
		Debug.AspNetCompiler.Debug = "True"
		Release.AspNetCompiler.Debug = "False"
	EndProjectSection
EndProject
Project("{8BC9CEB8-8B4A-11D0-8D11-00A0C91BC942}") = "pqp", "..\..\..\..\RobWork\ext\PQP\VS2005\pqp\pqp.vcproj", "{9C656944-E067-45E5-8830-0486C1922290}"
	ProjectSection(WebsiteProperties) = preProject
		Debug.AspNetCompiler.Debug = "True"
		Release.AspNetCompiler.Debug = "False"
	EndProjectSection
EndProject
Project("{8BC9CEB8-8B4A-11D0-8D11-00A0C91BC942}") = "rw_simulation", "..\..\..\..\RobWork\projects\VisualStudio2005\RobWork\rw_simulation\rw_simulation.vcproj", "{9A88D49A-D65E-4B1F-92A5-57A4E0280CFB}"
	ProjectSection(WebsiteProperties) = preProject
		Debug.AspNetCompiler.Debug = "True"
		Release.AspNetCompiler.Debug = "False"
	EndProjectSection
EndProject
Project("{8BC9CEB8-8B4A-11D0-8D11-00A0C91BC942}") = "rw_lua", "..\..\..\..\RobWork\projects\VisualStudio2005\RobWork\rw_lua\rw_lua.vcproj", "{C293A7AB-95F6-495D-9C92-67FDBB978A51}"
	ProjectSection(ProjectDependencies) = postProject
		{0AA71909-BFE5-4A5C-BC30-88B63794EF32} = {0AA71909-BFE5-4A5C-BC30-88B63794EF32}
		{52A4D050-5888-451F-A062-72A902C1B9B3} = {52A4D050-5888-451F-A062-72A902C1B9B3}
	EndProjectSection
	ProjectSection(WebsiteProperties) = preProject
		Debug.AspNetCompiler.Debug = "True"
		Release.AspNetCompiler.Debug = "False"
	EndProjectSection
EndProject
Project("{8BC9CEB8-8B4A-11D0-8D11-00A0C91BC942}") = "lua", "..\..\..\..\RobWork\ext\lua\VisualStudio2005\lua.vcproj", "{52A4D050-5888-451F-A062-72A902C1B9B3}"
	ProjectSection(WebsiteProperties) = preProject
		Debug.AspNetCompiler.Debug = "True"
		Release.AspNetCompiler.Debug = "False"
	EndProjectSection
EndProject
Project("{8BC9CEB8-8B4A-11D0-8D11-00A0C91BC942}") = "tolualib", "..\..\..\..\RobWork\ext\tolua\win32\vc8\tolualib\tolualib.vcproj", "{39FB8748-618E-4BD7-8E42-549537AD2B4B}"
	ProjectSection(WebsiteProperties) = preProject
		Debug.AspNetCompiler.Debug = "True"
		Release.AspNetCompiler.Debug = "False"
	EndProjectSection
EndProject
Project("{8BC9CEB8-8B4A-11D0-8D11-00A0C91BC942}") = "tolua", "..\..\..\..\RobWork\ext\tolua\win32\vc8\toluaapp\toluaapp.vcproj", "{0AA71909-BFE5-4A5C-BC30-88B63794EF32}"
	ProjectSection(ProjectDependencies) = postProject
		{39FB8748-618E-4BD7-8E42-549537AD2B4B} = {39FB8748-618E-4BD7-8E42-549537AD2B4B}
		{52A4D050-5888-451F-A062-72A902C1B9B3} = {52A4D050-5888-451F-A062-72A902C1B9B3}
	EndProjectSection
	ProjectSection(WebsiteProperties) = preProject
		Debug.AspNetCompiler.Debug = "True"
		Release.AspNetCompiler.Debug = "False"
	EndProjectSection
EndProject
Project("{8BC9CEB8-8B4A-11D0-8D11-00A0C91BC942}") = "QtTreePropertyBrowser", "..\..\..\ext\qtpropertybrowser\projects\VisualStudio2005\QtTreePropertyBrowser\QtTreePropertyBrowser\QtTreePropertyBrowser.vcproj", "{61B482DE-A554-44A7-A2C9-EBD6E29C4085}"
	ProjectSection(WebsiteProperties) = preProject
		Debug.AspNetCompiler.Debug = "True"
		Release.AspNetCompiler.Debug = "False"
	EndProjectSection
EndProject
Project("{8BC9CEB8-8B4A-11D0-8D11-00A0C91BC942}") = "rw_algorithms", "..\..\..\..\RobWork\projects\VisualStudio2005\RobWork\rw_algorithms\rw_algorithms.vcproj", "{8D63372C-A736-466F-89C5-D2CB06560820}"
EndProject
Project("{8BC9CEB8-8B4A-11D0-8D11-00A0C91BC942}") = "rw_dll", "..\..\..\..\RobWork\projects\VisualStudio2005\RobWork\rw_dll\rw_dll.vcproj", "{2EC16934-3CE8-41EE-AD09-8364EBAB3372}"
EndProject
Project("{8BC9CEB8-8B4A-11D0-8D11-00A0C91BC942}") = "rw_sandbox", "..\..\..\..\RobWork\projects\VisualStudio2005\RobWork\rw_sandbox\rw_sandbox.vcproj", "{A691DACA-96E7-44E7-947A-326CC87A040B}"
EndProject
Project("{8BC9CEB8-8B4A-11D0-8D11-00A0C91BC942}") = "rw_task", "..\..\..\..\RobWork\projects\VisualStudio2005\RobWork\rw_task\rw_task.vcproj", "{8019787A-4F85-4157-9EFA-6846C41C41A2}"
EndProject
Global
	GlobalSection(SolutionConfigurationPlatforms) = preSolution
		Debug|Win32 = Debug|Win32
		Release No LTCG|Win32 = Release No LTCG|Win32
		Release|Win32 = Release|Win32
	EndGlobalSection
	GlobalSection(ProjectConfigurationPlatforms) = postSolution
		{376C38E9-CDFB-4877-A904-76B8F7127B4B}.Debug|Win32.ActiveCfg = Debug|Win32
		{376C38E9-CDFB-4877-A904-76B8F7127B4B}.Debug|Win32.Build.0 = Debug|Win32
		{376C38E9-CDFB-4877-A904-76B8F7127B4B}.Release No LTCG|Win32.ActiveCfg = Release No LTCG|Win32
		{376C38E9-CDFB-4877-A904-76B8F7127B4B}.Release No LTCG|Win32.Build.0 = Release No LTCG|Win32
		{376C38E9-CDFB-4877-A904-76B8F7127B4B}.Release|Win32.ActiveCfg = Release|Win32
		{376C38E9-CDFB-4877-A904-76B8F7127B4B}.Release|Win32.Build.0 = Release|Win32
		{572AEE80-04A9-413C-83E0-5E4AA69430BF}.Debug|Win32.ActiveCfg = Debug|Win32
		{572AEE80-04A9-413C-83E0-5E4AA69430BF}.Debug|Win32.Build.0 = Debug|Win32
		{572AEE80-04A9-413C-83E0-5E4AA69430BF}.Release No LTCG|Win32.ActiveCfg = Release No LTCG|Win32
		{572AEE80-04A9-413C-83E0-5E4AA69430BF}.Release No LTCG|Win32.Build.0 = Release No LTCG|Win32
		{572AEE80-04A9-413C-83E0-5E4AA69430BF}.Release|Win32.ActiveCfg = Release|Win32
		{572AEE80-04A9-413C-83E0-5E4AA69430BF}.Release|Win32.Build.0 = Release|Win32
		{CFF5C0CC-CC06-4AF0-9118-A4DF15C46108}.Debug|Win32.ActiveCfg = Debug|Win32
		{CFF5C0CC-CC06-4AF0-9118-A4DF15C46108}.Debug|Win32.Build.0 = Debug|Win32
		{CFF5C0CC-CC06-4AF0-9118-A4DF15C46108}.Release No LTCG|Win32.ActiveCfg = Release No LTCG|Win32
		{CFF5C0CC-CC06-4AF0-9118-A4DF15C46108}.Release No LTCG|Win32.Build.0 = Release No LTCG|Win32
		{CFF5C0CC-CC06-4AF0-9118-A4DF15C46108}.Release|Win32.ActiveCfg = Release|Win32
		{CFF5C0CC-CC06-4AF0-9118-A4DF15C46108}.Release|Win32.Build.0 = Release|Win32
		{7626F501-49CD-419B-B421-E88007980994}.Debug|Win32.ActiveCfg = Debug|Win32
		{7626F501-49CD-419B-B421-E88007980994}.Debug|Win32.Build.0 = Debug|Win32
		{7626F501-49CD-419B-B421-E88007980994}.Release No LTCG|Win32.ActiveCfg = Release No LTCG|Win32
		{7626F501-49CD-419B-B421-E88007980994}.Release No LTCG|Win32.Build.0 = Release No LTCG|Win32
		{7626F501-49CD-419B-B421-E88007980994}.Release|Win32.ActiveCfg = Release|Win32
		{7626F501-49CD-419B-B421-E88007980994}.Release|Win32.Build.0 = Release|Win32
		{471980C7-9535-408D-A77C-16909D2F5F14}.Debug|Win32.ActiveCfg = Debug|Win32
		{471980C7-9535-408D-A77C-16909D2F5F14}.Debug|Win32.Build.0 = Debug|Win32
		{471980C7-9535-408D-A77C-16909D2F5F14}.Release No LTCG|Win32.ActiveCfg = Release No LTCG|Win32
		{471980C7-9535-408D-A77C-16909D2F5F14}.Release No LTCG|Win32.Build.0 = Release No LTCG|Win32
		{471980C7-9535-408D-A77C-16909D2F5F14}.Release|Win32.ActiveCfg = Release|Win32
		{471980C7-9535-408D-A77C-16909D2F5F14}.Release|Win32.Build.0 = Release|Win32
		{70FCE4CD-289F-4BA6-972B-5DD9F9174D47}.Debug|Win32.ActiveCfg = Debug|Win32
		{70FCE4CD-289F-4BA6-972B-5DD9F9174D47}.Debug|Win32.Build.0 = Debug|Win32
		{70FCE4CD-289F-4BA6-972B-5DD9F9174D47}.Release No LTCG|Win32.ActiveCfg = Release No LTCG|Win32
		{70FCE4CD-289F-4BA6-972B-5DD9F9174D47}.Release No LTCG|Win32.Build.0 = Release No LTCG|Win32
		{70FCE4CD-289F-4BA6-972B-5DD9F9174D47}.Release|Win32.ActiveCfg = Release|Win32
		{70FCE4CD-289F-4BA6-972B-5DD9F9174D47}.Release|Win32.Build.0 = Release|Win32
		{853D0C7B-4937-4916-A1DC-1A1631DD0261}.Debug|Win32.ActiveCfg = Debug|Win32
		{853D0C7B-4937-4916-A1DC-1A1631DD0261}.Debug|Win32.Build.0 = Debug|Win32
		{853D0C7B-4937-4916-A1DC-1A1631DD0261}.Release No LTCG|Win32.ActiveCfg = Release No LTCG|Win32
		{853D0C7B-4937-4916-A1DC-1A1631DD0261}.Release No LTCG|Win32.Build.0 = Release No LTCG|Win32
		{853D0C7B-4937-4916-A1DC-1A1631DD0261}.Release|Win32.ActiveCfg = Release|Win32
		{853D0C7B-4937-4916-A1DC-1A1631DD0261}.Release|Win32.Build.0 = Release|Win32
		{119E5643-41A0-42C0-B663-536AA1C151B2}.Debug|Win32.ActiveCfg = Debug|Win32
		{119E5643-41A0-42C0-B663-536AA1C151B2}.Debug|Win32.Build.0 = Debug|Win32
		{119E5643-41A0-42C0-B663-536AA1C151B2}.Release No LTCG|Win32.ActiveCfg = Release No LTCG|Win32
		{119E5643-41A0-42C0-B663-536AA1C151B2}.Release No LTCG|Win32.Build.0 = Release No LTCG|Win32
		{119E5643-41A0-42C0-B663-536AA1C151B2}.Release|Win32.ActiveCfg = Release|Win32
		{119E5643-41A0-42C0-B663-536AA1C151B2}.Release|Win32.Build.0 = Release|Win32
		{9C656944-E067-45E5-8830-0486C1922290}.Debug|Win32.ActiveCfg = Debug|Win32
		{9C656944-E067-45E5-8830-0486C1922290}.Debug|Win32.Build.0 = Debug|Win32
		{9C656944-E067-45E5-8830-0486C1922290}.Release No LTCG|Win32.ActiveCfg = Release No LTCG|Win32
		{9C656944-E067-45E5-8830-0486C1922290}.Release No LTCG|Win32.Build.0 = Release No LTCG|Win32
		{9C656944-E067-45E5-8830-0486C1922290}.Release|Win32.ActiveCfg = Release|Win32
		{9C656944-E067-45E5-8830-0486C1922290}.Release|Win32.Build.0 = Release|Win32
		{9A88D49A-D65E-4B1F-92A5-57A4E0280CFB}.Debug|Win32.ActiveCfg = Debug|Win32
		{9A88D49A-D65E-4B1F-92A5-57A4E0280CFB}.Debug|Win32.Build.0 = Debug|Win32
		{9A88D49A-D65E-4B1F-92A5-57A4E0280CFB}.Release No LTCG|Win32.ActiveCfg = Release No LTCG|Win32
		{9A88D49A-D65E-4B1F-92A5-57A4E0280CFB}.Release No LTCG|Win32.Build.0 = Release No LTCG|Win32
		{9A88D49A-D65E-4B1F-92A5-57A4E0280CFB}.Release|Win32.ActiveCfg = Release|Win32
		{9A88D49A-D65E-4B1F-92A5-57A4E0280CFB}.Release|Win32.Build.0 = Release|Win32
		{C293A7AB-95F6-495D-9C92-67FDBB978A51}.Debug|Win32.ActiveCfg = Debug|Win32
		{C293A7AB-95F6-495D-9C92-67FDBB978A51}.Debug|Win32.Build.0 = Debug|Win32
		{C293A7AB-95F6-495D-9C92-67FDBB978A51}.Release No LTCG|Win32.ActiveCfg = Release No LTCG|Win32
		{C293A7AB-95F6-495D-9C92-67FDBB978A51}.Release No LTCG|Win32.Build.0 = Release No LTCG|Win32
		{C293A7AB-95F6-495D-9C92-67FDBB978A51}.Release|Win32.ActiveCfg = Release|Win32
		{C293A7AB-95F6-495D-9C92-67FDBB978A51}.Release|Win32.Build.0 = Release|Win32
		{52A4D050-5888-451F-A062-72A902C1B9B3}.Debug|Win32.ActiveCfg = Debug|Win32
		{52A4D050-5888-451F-A062-72A902C1B9B3}.Debug|Win32.Build.0 = Debug|Win32
		{52A4D050-5888-451F-A062-72A902C1B9B3}.Release No LTCG|Win32.ActiveCfg = Release No LTCG|Win32
		{52A4D050-5888-451F-A062-72A902C1B9B3}.Release No LTCG|Win32.Build.0 = Release No LTCG|Win32
		{52A4D050-5888-451F-A062-72A902C1B9B3}.Release|Win32.ActiveCfg = Release|Win32
		{52A4D050-5888-451F-A062-72A902C1B9B3}.Release|Win32.Build.0 = Release|Win32
		{39FB8748-618E-4BD7-8E42-549537AD2B4B}.Debug|Win32.ActiveCfg = Debug|Win32
		{39FB8748-618E-4BD7-8E42-549537AD2B4B}.Debug|Win32.Build.0 = Debug|Win32
		{39FB8748-618E-4BD7-8E42-549537AD2B4B}.Release No LTCG|Win32.ActiveCfg = Release No LTCG|Win32
		{39FB8748-618E-4BD7-8E42-549537AD2B4B}.Release No LTCG|Win32.Build.0 = Release No LTCG|Win32
		{39FB8748-618E-4BD7-8E42-549537AD2B4B}.Release|Win32.ActiveCfg = Release|Win32
		{39FB8748-618E-4BD7-8E42-549537AD2B4B}.Release|Win32.Build.0 = Release|Win32
		{0AA71909-BFE5-4A5C-BC30-88B63794EF32}.Debug|Win32.ActiveCfg = Debug|Win32
		{0AA71909-BFE5-4A5C-BC30-88B63794EF32}.Debug|Win32.Build.0 = Debug|Win32
		{0AA71909-BFE5-4A5C-BC30-88B63794EF32}.Release No LTCG|Win32.ActiveCfg = Release No LTCG|Win32
		{0AA71909-BFE5-4A5C-BC30-88B63794EF32}.Release No LTCG|Win32.Build.0 = Release No LTCG|Win32
		{0AA71909-BFE5-4A5C-BC30-88B63794EF32}.Release|Win32.ActiveCfg = Release|Win32
		{0AA71909-BFE5-4A5C-BC30-88B63794EF32}.Release|Win32.Build.0 = Release|Win32
		{61B482DE-A554-44A7-A2C9-EBD6E29C4085}.Debug|Win32.ActiveCfg = Debug|Win32
		{61B482DE-A554-44A7-A2C9-EBD6E29C4085}.Debug|Win32.Build.0 = Debug|Win32
		{61B482DE-A554-44A7-A2C9-EBD6E29C4085}.Release No LTCG|Win32.ActiveCfg = Release No LTCG|Win32
		{61B482DE-A554-44A7-A2C9-EBD6E29C4085}.Release No LTCG|Win32.Build.0 = Release No LTCG|Win32
		{61B482DE-A554-44A7-A2C9-EBD6E29C4085}.Release|Win32.ActiveCfg = Release|Win32
		{61B482DE-A554-44A7-A2C9-EBD6E29C4085}.Release|Win32.Build.0 = Release|Win32
		{8D63372C-A736-466F-89C5-D2CB06560820}.Debug|Win32.ActiveCfg = Debug|Win32
		{8D63372C-A736-466F-89C5-D2CB06560820}.Debug|Win32.Build.0 = Debug|Win32
		{8D63372C-A736-466F-89C5-D2CB06560820}.Release No LTCG|Win32.ActiveCfg = Release No LTCG|Win32
		{8D63372C-A736-466F-89C5-D2CB06560820}.Release No LTCG|Win32.Build.0 = Release No LTCG|Win32
		{8D63372C-A736-466F-89C5-D2CB06560820}.Release|Win32.ActiveCfg = Release|Win32
		{8D63372C-A736-466F-89C5-D2CB06560820}.Release|Win32.Build.0 = Release|Win32
		{2EC16934-3CE8-41EE-AD09-8364EBAB3372}.Debug|Win32.ActiveCfg = Debug|Win32
		{2EC16934-3CE8-41EE-AD09-8364EBAB3372}.Debug|Win32.Build.0 = Debug|Win32
		{2EC16934-3CE8-41EE-AD09-8364EBAB3372}.Release No LTCG|Win32.ActiveCfg = Release No LTCG|Win32
		{2EC16934-3CE8-41EE-AD09-8364EBAB3372}.Release No LTCG|Win32.Build.0 = Release No LTCG|Win32
		{2EC16934-3CE8-41EE-AD09-8364EBAB3372}.Release|Win32.ActiveCfg = Release|Win32
		{2EC16934-3CE8-41EE-AD09-8364EBAB3372}.Release|Win32.Build.0 = Release|Win32
		{A691DACA-96E7-44E7-947A-326CC87A040B}.Debug|Win32.ActiveCfg = Debug|Win32
		{A691DACA-96E7-44E7-947A-326CC87A040B}.Debug|Win32.Build.0 = Debug|Win32
		{A691DACA-96E7-44E7-947A-326CC87A040B}.Release No LTCG|Win32.ActiveCfg = Release No LTCG|Win32
		{A691DACA-96E7-44E7-947A-326CC87A040B}.Release No LTCG|Win32.Build.0 = Release No LTCG|Win32
		{A691DACA-96E7-44E7-947A-326CC87A040B}.Release|Win32.ActiveCfg = Release|Win32
		{A691DACA-96E7-44E7-947A-326CC87A040B}.Release|Win32.Build.0 = Release|Win32
		{8019787A-4F85-4157-9EFA-6846C41C41A2}.Debug|Win32.ActiveCfg = Debug|Win32
		{8019787A-4F85-4157-9EFA-6846C41C41A2}.Debug|Win32.Build.0 = Debug|Win32
		{8019787A-4F85-4157-9EFA-6846C41C41A2}.Release No LTCG|Win32.ActiveCfg = Release No LTCG|Win32
		{8019787A-4F85-4157-9EFA-6846C41C41A2}.Release No LTCG|Win32.Build.0 = Release No LTCG|Win32
		{8019787A-4F85-4157-9EFA-6846C41C41A2}.Release|Win32.ActiveCfg = Release|Win32
		{8019787A-4F85-4157-9EFA-6846C41C41A2}.Release|Win32.Build.0 = Release|Win32
	EndGlobalSection
	GlobalSection(SolutionProperties) = preSolution
		HideSolutionNode = FALSE
	EndGlobalSection
	GlobalSection(ExtensibilityGlobals) = postSolution
		QtVersion = $(DefaultQtVersion)
	EndGlobalSection
	GlobalSection(Qt) = preSolution
		Integration = True
	EndGlobalSection
	GlobalSection(Qt) = preSolution
		Integration = True
	EndGlobalSection
EndGlobal
