
Microsoft Visual Studio Solution File, Format Version 9.00
# Visual Studio 2005
Project("{8BC9CEB8-8B4A-11D0-8D11-00A0C91BC942}") = "RobWorkStudio", "RobWorkStudio\RobWorkStudio.vcproj", "{376C38E9-CDFB-4877-A904-76B8F7127B4B}"
	ProjectSection(WebsiteProperties) = preProject
		Debug.AspNetCompiler.Debug = "True"
		Release.AspNetCompiler.Debug = "False"
	EndProjectSection
	ProjectSection(ProjectDependencies) = postProject
		{61B482DE-A554-44A7-A2C9-EBD6E29C4085} = {61B482DE-A554-44A7-A2C9-EBD6E29C4085}
		{67743714-D431-4E5B-AAA5-ABCA3D423685} = {67743714-D431-4E5B-AAA5-ABCA3D423685}
	EndProjectSection
EndProject
Project("{8BC9CEB8-8B4A-11D0-8D11-00A0C91BC942}") = "QtTreePropertyBrowser", "..\..\..\ext\qtpropertybrowser\projects\VisualStudio2005\QtTreePropertyBrowser\QtTreePropertyBrowser\QtTreePropertyBrowser.vcproj", "{61B482DE-A554-44A7-A2C9-EBD6E29C4085}"
	ProjectSection(WebsiteProperties) = preProject
		Debug.AspNetCompiler.Debug = "True"
		Release.AspNetCompiler.Debug = "False"
	EndProjectSection
EndProject
Project("{8BC9CEB8-8B4A-11D0-8D11-00A0C91BC942}") = "rws", "rws\rws.vcproj", "{67743714-D431-4E5B-AAA5-ABCA3D423685}"
	ProjectSection(WebsiteProperties) = preProject
		Debug.AspNetCompiler.Debug = "True"
		Release.AspNetCompiler.Debug = "False"
	EndProjectSection
	ProjectSection(ProjectDependencies) = postProject
		{61B482DE-A554-44A7-A2C9-EBD6E29C4085} = {61B482DE-A554-44A7-A2C9-EBD6E29C4085}
	EndProjectSection
EndProject
Global
	GlobalSection(SolutionConfigurationPlatforms) = preSolution
		Debug|Win32 = Debug|Win32
		Release No LTCG|Win32 = Release No LTCG|Win32
		Release|Win32 = Release|Win32
	EndGlobalSection
	GlobalSection(ProjectConfigurationPlatforms) = postSolution
		{376C38E9-CDFB-4877-A904-76B8F7127B4B}.Debug|Win32.ActiveCfg = Debug|Win32
		{376C38E9-CDFB-4877-A904-76B8F7127B4B}.Debug|Win32.Build.0 = Debug|Win32
		{376C38E9-CDFB-4877-A904-76B8F7127B4B}.Release No LTCG|Win32.ActiveCfg = Release No LTCG|Win32
		{376C38E9-CDFB-4877-A904-76B8F7127B4B}.Release No LTCG|Win32.Build.0 = Release No LTCG|Win32
		{376C38E9-CDFB-4877-A904-76B8F7127B4B}.Release|Win32.ActiveCfg = Release|Win32
		{376C38E9-CDFB-4877-A904-76B8F7127B4B}.Release|Win32.Build.0 = Release|Win32
		{61B482DE-A554-44A7-A2C9-EBD6E29C4085}.Debug|Win32.ActiveCfg = Debug|Win32
		{61B482DE-A554-44A7-A2C9-EBD6E29C4085}.Debug|Win32.Build.0 = Debug|Win32
		{61B482DE-A554-44A7-A2C9-EBD6E29C4085}.Release No LTCG|Win32.ActiveCfg = Release No LTCG|Win32
		{61B482DE-A554-44A7-A2C9-EBD6E29C4085}.Release No LTCG|Win32.Build.0 = Release No LTCG|Win32
		{61B482DE-A554-44A7-A2C9-EBD6E29C4085}.Release|Win32.ActiveCfg = Release|Win32
		{61B482DE-A554-44A7-A2C9-EBD6E29C4085}.Release|Win32.Build.0 = Release|Win32
		{67743714-D431-4E5B-AAA5-ABCA3D423685}.Debug|Win32.ActiveCfg = Debug|Win32
		{67743714-D431-4E5B-AAA5-ABCA3D423685}.Debug|Win32.Build.0 = Debug|Win32
		{67743714-D431-4E5B-AAA5-ABCA3D423685}.Release No LTCG|Win32.ActiveCfg = Release|Win32
		{67743714-D431-4E5B-AAA5-ABCA3D423685}.Release No LTCG|Win32.Build.0 = Release|Win32
		{67743714-D431-4E5B-AAA5-ABCA3D423685}.Release|Win32.ActiveCfg = Release|Win32
		{67743714-D431-4E5B-AAA5-ABCA3D423685}.Release|Win32.Build.0 = Release|Win32
	EndGlobalSection
	GlobalSection(SolutionProperties) = preSolution
		HideSolutionNode = FALSE
	EndGlobalSection
	GlobalSection(ExtensibilityGlobals) = postSolution
		QtVersion = $(DefaultQtVersion)
	EndGlobalSection
	GlobalSection(Qt) = preSolution
		Integration = True
	EndGlobalSection
	GlobalSection(Qt) = preSolution
		Integration = True
	EndGlobalSection
EndGlobal
