
Microsoft Visual Studio Solution File, Format Version 9.00
# Visual Studio 2005
Project("{8BC9CEB8-8B4A-11D0-8D11-00A0C91BC942}") = "rw", "rw\rw.vcproj", "{CFF5C0CC-CC06-4AF0-9118-A4DF15C46108}"
EndProject
Project("{8BC9CEB8-8B4A-11D0-8D11-00A0C91BC942}") = "rw_algorithms", "rw_algorithms\rw_algorithms.vcproj", "{8D63372C-A736-466F-89C5-D2CB06560820}"
EndProject
Project("{8BC9CEB8-8B4A-11D0-8D11-00A0C91BC942}") = "rw_dll", "rw_dll\rw_dll.vcproj", "{2EC16934-3CE8-41EE-AD09-8364EBAB3372}"
EndProject
Project("{8BC9CEB8-8B4A-11D0-8D11-00A0C91BC942}") = "rw_drawable", "rw_drawable\rw_drawable.vcproj", "{7626F501-49CD-419B-B421-E88007980994}"
EndProject
Project("{8BC9CEB8-8B4A-11D0-8D11-00A0C91BC942}") = "rw_pathoptimization", "rw_pathoptimization\rw_pathoptimization.vcproj", "{119E5643-41A0-42C0-B663-536AA1C151B2}"
EndProject
Project("{8BC9CEB8-8B4A-11D0-8D11-00A0C91BC942}") = "rw_pathplanners", "rw_pathplanners\rw_pathplanners.vcproj", "{853D0C7B-4937-4916-A1DC-1A1631DD0261}"
EndProject
Project("{8BC9CEB8-8B4A-11D0-8D11-00A0C91BC942}") = "rw_proximitystrategies", "rw_proximitystrategies\rw_proximitystrategies.vcproj", "{471980C7-9535-408D-A77C-16909D2F5F14}"
EndProject
Project("{8BC9CEB8-8B4A-11D0-8D11-00A0C91BC942}") = "rw_simulation", "rw_simulation\rw_simulation.vcproj", "{9A88D49A-D65E-4B1F-92A5-57A4E0280CFB}"
EndProject
Project("{8BC9CEB8-8B4A-11D0-8D11-00A0C91BC942}") = "rw_task", "rw_task\rw_task.vcproj", "{8019787A-4F85-4157-9EFA-6846C41C41A2}"
EndProject
Project("{8BC9CEB8-8B4A-11D0-8D11-00A0C91BC942}") = "yaobi", "..\..\..\ext\yaobi\VS_2005\yaobi\yaobi.vcproj", "{572AEE80-04A9-413C-83E0-5E4AA69430BF}"
EndProject
Project("{8BC9CEB8-8B4A-11D0-8D11-00A0C91BC942}") = "pqp", "..\..\..\ext\PQP\VS2005\pqp\pqp.vcproj", "{9C656944-E067-45E5-8830-0486C1922290}"
EndProject
Project("{8BC9CEB8-8B4A-11D0-8D11-00A0C91BC942}") = "rw_sandbox", "rw_sandbox\rw_sandbox.vcproj", "{A691DACA-96E7-44E7-947A-326CC87A040B}"
EndProject
Global
	GlobalSection(SolutionConfigurationPlatforms) = preSolution
		Debug|Win32 = Debug|Win32
		Release|Win32 = Release|Win32
	EndGlobalSection
	GlobalSection(ProjectConfigurationPlatforms) = postSolution
		{CFF5C0CC-CC06-4AF0-9118-A4DF15C46108}.Debug|Win32.ActiveCfg = Debug|Win32
		{CFF5C0CC-CC06-4AF0-9118-A4DF15C46108}.Debug|Win32.Build.0 = Debug|Win32
		{CFF5C0CC-CC06-4AF0-9118-A4DF15C46108}.Release|Win32.ActiveCfg = Release|Win32
		{CFF5C0CC-CC06-4AF0-9118-A4DF15C46108}.Release|Win32.Build.0 = Release|Win32
		{8D63372C-A736-466F-89C5-D2CB06560820}.Debug|Win32.ActiveCfg = Debug|Win32
		{8D63372C-A736-466F-89C5-D2CB06560820}.Debug|Win32.Build.0 = Debug|Win32
		{8D63372C-A736-466F-89C5-D2CB06560820}.Release|Win32.ActiveCfg = Release|Win32
		{8D63372C-A736-466F-89C5-D2CB06560820}.Release|Win32.Build.0 = Release|Win32
		{2EC16934-3CE8-41EE-AD09-8364EBAB3372}.Debug|Win32.ActiveCfg = Debug|Win32
		{2EC16934-3CE8-41EE-AD09-8364EBAB3372}.Debug|Win32.Build.0 = Debug|Win32
		{2EC16934-3CE8-41EE-AD09-8364EBAB3372}.Release|Win32.ActiveCfg = Release|Win32
		{2EC16934-3CE8-41EE-AD09-8364EBAB3372}.Release|Win32.Build.0 = Release|Win32
		{7626F501-49CD-419B-B421-E88007980994}.Debug|Win32.ActiveCfg = Debug|Win32
		{7626F501-49CD-419B-B421-E88007980994}.Debug|Win32.Build.0 = Debug|Win32
		{7626F501-49CD-419B-B421-E88007980994}.Release|Win32.ActiveCfg = Release|Win32
		{7626F501-49CD-419B-B421-E88007980994}.Release|Win32.Build.0 = Release|Win32
		{119E5643-41A0-42C0-B663-536AA1C151B2}.Debug|Win32.ActiveCfg = Debug|Win32
		{119E5643-41A0-42C0-B663-536AA1C151B2}.Debug|Win32.Build.0 = Debug|Win32
		{119E5643-41A0-42C0-B663-536AA1C151B2}.Release|Win32.ActiveCfg = Release|Win32
		{119E5643-41A0-42C0-B663-536AA1C151B2}.Release|Win32.Build.0 = Release|Win32
		{853D0C7B-4937-4916-A1DC-1A1631DD0261}.Debug|Win32.ActiveCfg = Debug|Win32
		{853D0C7B-4937-4916-A1DC-1A1631DD0261}.Debug|Win32.Build.0 = Debug|Win32
		{853D0C7B-4937-4916-A1DC-1A1631DD0261}.Release|Win32.ActiveCfg = Release|Win32
		{853D0C7B-4937-4916-A1DC-1A1631DD0261}.Release|Win32.Build.0 = Release|Win32
		{471980C7-9535-408D-A77C-16909D2F5F14}.Debug|Win32.ActiveCfg = Debug|Win32
		{471980C7-9535-408D-A77C-16909D2F5F14}.Debug|Win32.Build.0 = Debug|Win32
		{471980C7-9535-408D-A77C-16909D2F5F14}.Release|Win32.ActiveCfg = Release|Win32
		{471980C7-9535-408D-A77C-16909D2F5F14}.Release|Win32.Build.0 = Release|Win32
		{9A88D49A-D65E-4B1F-92A5-57A4E0280CFB}.Debug|Win32.ActiveCfg = Debug|Win32
		{9A88D49A-D65E-4B1F-92A5-57A4E0280CFB}.Debug|Win32.Build.0 = Debug|Win32
		{9A88D49A-D65E-4B1F-92A5-57A4E0280CFB}.Release|Win32.ActiveCfg = Release|Win32
		{9A88D49A-D65E-4B1F-92A5-57A4E0280CFB}.Release|Win32.Build.0 = Release|Win32
		{8019787A-4F85-4157-9EFA-6846C41C41A2}.Debug|Win32.ActiveCfg = Debug|Win32
		{8019787A-4F85-4157-9EFA-6846C41C41A2}.Debug|Win32.Build.0 = Debug|Win32
		{8019787A-4F85-4157-9EFA-6846C41C41A2}.Release|Win32.ActiveCfg = Release|Win32
		{8019787A-4F85-4157-9EFA-6846C41C41A2}.Release|Win32.Build.0 = Release|Win32
		{572AEE80-04A9-413C-83E0-5E4AA69430BF}.Debug|Win32.ActiveCfg = Debug|Win32
		{572AEE80-04A9-413C-83E0-5E4AA69430BF}.Debug|Win32.Build.0 = Debug|Win32
		{572AEE80-04A9-413C-83E0-5E4AA69430BF}.Release|Win32.ActiveCfg = Release|Win32
		{572AEE80-04A9-413C-83E0-5E4AA69430BF}.Release|Win32.Build.0 = Release|Win32
		{9C656944-E067-45E5-8830-0486C1922290}.Debug|Win32.ActiveCfg = Debug|Win32
		{9C656944-E067-45E5-8830-0486C1922290}.Debug|Win32.Build.0 = Debug|Win32
		{9C656944-E067-45E5-8830-0486C1922290}.Release|Win32.ActiveCfg = Release|Win32
		{9C656944-E067-45E5-8830-0486C1922290}.Release|Win32.Build.0 = Release|Win32
		{A691DACA-96E7-44E7-947A-326CC87A040B}.Debug|Win32.ActiveCfg = Debug|Win32
		{A691DACA-96E7-44E7-947A-326CC87A040B}.Debug|Win32.Build.0 = Debug|Win32
		{A691DACA-96E7-44E7-947A-326CC87A040B}.Release|Win32.ActiveCfg = Release|Win32
		{A691DACA-96E7-44E7-947A-326CC87A040B}.Release|Win32.Build.0 = Release|Win32
	EndGlobalSection
	GlobalSection(SolutionProperties) = preSolution
		HideSolutionNode = FALSE
	EndGlobalSection
EndGlobal
